
Microsoft Visual Studio Solution File, Format Version 12.00
# Visual Studio Version 16
VisualStudioVersion = 16.0.30309.148
MinimumVisualStudioVersion = 10.0.40219.1
Project("{FAE04EC0-301F-11D3-BF4B-00C04F79EFBC}") = "TravelProject", "TravelProject.csproj", "{10BFBB8A-C1FA-4A15-8DA1-7063CFA7EB59}"
EndProject
Global
	GlobalSection(SolutionConfigurationPlatforms) = preSolution
		Debug|Any CPU = Debug|Any CPU
		Release|Any CPU = Release|Any CPU
	EndGlobalSection
	GlobalSection(ProjectConfigurationPlatforms) = postSolution
		{10BFBB8A-C1FA-4A15-8DA1-7063CFA7EB59}.Debug|Any CPU.ActiveCfg = Debug|Any CPU
		{10BFBB8A-C1FA-4A15-8DA1-7063CFA7EB59}.Debug|Any CPU.Build.0 = Debug|Any CPU
		{10BFBB8A-C1FA-4A15-8DA1-7063CFA7EB59}.Release|Any CPU.ActiveCfg = Release|Any CPU
		{10BFBB8A-C1FA-4A15-8DA1-7063CFA7EB59}.Release|Any CPU.Build.0 = Release|Any CPU
	EndGlobalSection
	GlobalSection(SolutionProperties) = preSolution
		HideSolutionNode = FALSE
	EndGlobalSection
	GlobalSection(ExtensibilityGlobals) = postSolution
		SolutionGuid = {F8656FE2-146F-4AC8-8212-0F4FDCF1DBBE}
	EndGlobalSection
EndGlobal
